<?xml version="1.0" encoding="utf-8"?>
<Project ToolsVersion="4.0" xmlns="http://schemas.microsoft.com/developer/msbuild/2003">
  <ItemGroup>
    <Filter Include="Resource Files">
      <UniqueIdentifier>{d99cc161-163c-4b2e-91fa-74fb59bee323}</UniqueIdentifier>
    </Filter>
    <Filter Include="Source">
      <UniqueIdentifier>{babe19bd-83d6-4c74-9a5a-0182c1af3b1f}</UniqueIdentifier>
    </Filter>
    <Filter Include="Source\Editor">
      <UniqueIdentifier>{a6acbea8-18c6-470a-97d1-25a3df775ebc}</UniqueIdentifier>
    </Filter>
  </ItemGroup>
  <ItemGroup>
    <ResourceCompile Include="GameViewer.rc">
      <Filter>Resource Files</Filter>
    </ResourceCompile>
  </ItemGroup>
  <ItemGroup>
    <None Include="res\GameViewer.rc2">
      <Filter>Resource Files</Filter>
    </None>
    <None Include="res\GameViewerDoc.ico">
      <Filter>Resource Files</Filter>
    </None>
    <None Include="..\res\Icon_Tool.ico">
      <Filter>Resource Files</Filter>
    </None>
    <None Include="res\Toolbar.bmp">
      <Filter>Resource Files</Filter>
    </None>
    <None Include="ReadMe.txt" />
  </ItemGroup>
  <ItemGroup>
    <ClCompile Include="GameViewer.cpp">
      <Filter>Source</Filter>
    </ClCompile>
    <ClCompile Include="GameViewerDoc.cpp">
      <Filter>Source</Filter>
    </ClCompile>
    <ClCompile Include="GameViewerView.cpp">
      <Filter>Source</Filter>
    </ClCompile>
    <ClCompile Include="GameViewerView3D.cpp">
      <Filter>Source</Filter>
    </ClCompile>
    <ClCompile Include="GameViewerViewFile.cpp">
      <Filter>Source</Filter>
    </ClCompile>
    <ClCompile Include="MainFrm.cpp">
      <Filter>Source</Filter>
    </ClCompile>
    <ClCompile Include="EditorBar.cpp">
      <Filter>Source\Editor</Filter>
    </ClCompile>
    <ClCompile Include="PageABF.cpp">
      <Filter>Source\Editor</Filter>
    </ClCompile>
    <ClCompile Include="PageABL.cpp">
      <Filter>Source\Editor</Filter>
    </ClCompile>
    <ClCompile Include="PageCHF.cpp">
      <Filter>Source\Editor</Filter>
    </ClCompile>
    <ClCompile Include="PageVCF.cpp">
      <Filter>Source\Editor</Filter>
    </ClCompile>
    <ClCompile Include="SheetWithTab.cpp">
      <Filter>Source\Editor</Filter>
    </ClCompile>
    <ClCompile Include="stdafx.cpp" />
  </ItemGroup>
  <ItemGroup>
    <ClInclude Include="GameViewer.h">
      <Filter>Source</Filter>
    </ClInclude>
    <ClInclude Include="GameViewerDoc.h">
      <Filter>Source</Filter>
    </ClInclude>
    <ClInclude Include="GameViewerView.h">
      <Filter>Source</Filter>
    </ClInclude>
    <ClInclude Include="MainFrm.h">
      <Filter>Source</Filter>
    </ClInclude>
    <ClInclude Include="resource.h">
      <Filter>Source</Filter>
    </ClInclude>
    <ClInclude Include="EditorBar.h">
      <Filter>Source\Editor</Filter>
    </ClInclude>
    <ClInclude Include="PageABF.h">
      <Filter>Source\Editor</Filter>
    </ClInclude>
    <ClInclude Include="PageABL.h">
      <Filter>Source\Editor</Filter>
    </ClInclude>
    <ClInclude Include="PageCHF.h">
      <Filter>Source\Editor</Filter>
    </ClInclude>
    <ClInclude Include="PageVCF.h">
      <Filter>Source\Editor</Filter>
    </ClInclude>
    <ClInclude Include="SheetWithTab.h">
      <Filter>Source\Editor</Filter>
    </ClInclude>
    <ClInclude Include="stdafx.h" />
  </ItemGroup>
</Project>