<?xml version="1.0" encoding="utf-8"?>
<Project ToolsVersion="4.0" xmlns="http://schemas.microsoft.com/developer/msbuild/2003">
  <ItemGroup>
    <Filter Include="Resource Files">
      <UniqueIdentifier>{c9b09a04-0d83-4ca4-9003-cbbbe3dac841}</UniqueIdentifier>
    </Filter>
    <Filter Include="Source">
      <UniqueIdentifier>{3de1153f-a916-4596-b4b2-76e82c2026ef}</UniqueIdentifier>
    </Filter>
    <Filter Include="Source\Editor">
      <UniqueIdentifier>{c0e5904f-3bbc-411a-866e-96483600b3ca}</UniqueIdentifier>
    </Filter>
  </ItemGroup>
  <ItemGroup>
    <ResourceCompile Include="EditorQuest.rc">
      <Filter>Resource Files</Filter>
    </ResourceCompile>
  </ItemGroup>
  <ItemGroup>
    <None Include="res\EditorQuest.rc2">
      <Filter>Resource Files</Filter>
    </None>
    <None Include="..\res\Icon_Tool.ico">
      <Filter>Resource Files</Filter>
    </None>
    <None Include="ReadMe.txt" />
  </ItemGroup>
  <ItemGroup>
    <ClCompile Include="EditorQuest.cpp">
      <Filter>Source</Filter>
    </ClCompile>
    <ClCompile Include="EditorQuestDlg.cpp">
      <Filter>Source</Filter>
    </ClCompile>
    <ClCompile Include="DlgCrow.cpp">
      <Filter>Source\Editor</Filter>
    </ClCompile>
    <ClCompile Include="DlgInput.cpp">
      <Filter>Source\Editor</Filter>
    </ClCompile>
    <ClCompile Include="DlgItem.cpp">
      <Filter>Source\Editor</Filter>
    </ClCompile>
    <ClCompile Include="DlgItemEdit.cpp">
      <Filter>Source\Editor</Filter>
    </ClCompile>
    <ClCompile Include="DlgMap.cpp">
      <Filter>Source\Editor</Filter>
    </ClCompile>
    <ClCompile Include="DlgMobGen.cpp">
      <Filter>Source\Editor</Filter>
    </ClCompile>
    <ClCompile Include="DlgSearch.cpp">
      <Filter>Source\Editor</Filter>
    </ClCompile>
    <ClCompile Include="DlgSkill.cpp">
      <Filter>Source\Editor</Filter>
    </ClCompile>
    <ClCompile Include="PageQuestBasic.cpp">
      <Filter>Source\Editor</Filter>
    </ClCompile>
    <ClCompile Include="PageQuestBasicEx.cpp">
      <Filter>Source\Editor</Filter>
    </ClCompile>
    <ClCompile Include="PageQuestStep.cpp">
      <Filter>Source\Editor</Filter>
    </ClCompile>
    <ClCompile Include="PageQuestStepEx.cpp">
      <Filter>Source\Editor</Filter>
    </ClCompile>
    <ClCompile Include="PageQuestTree.cpp">
      <Filter>Source\Editor</Filter>
    </ClCompile>
    <ClCompile Include="PageQuestTreeEx.cpp">
      <Filter>Source\Editor</Filter>
    </ClCompile>
    <ClCompile Include="SheetWithTab.cpp">
      <Filter>Source\Editor</Filter>
    </ClCompile>
    <ClCompile Include="stdafx.cpp" />
  </ItemGroup>
  <ItemGroup>
    <ClInclude Include="EditorQuest.h">
      <Filter>Source</Filter>
    </ClInclude>
    <ClInclude Include="EditorQuestDlg.h">
      <Filter>Source</Filter>
    </ClInclude>
    <ClInclude Include="resource.h">
      <Filter>Source</Filter>
    </ClInclude>
    <ClInclude Include="DlgCrow.h">
      <Filter>Source\Editor</Filter>
    </ClInclude>
    <ClInclude Include="DlgInput.h">
      <Filter>Source\Editor</Filter>
    </ClInclude>
    <ClInclude Include="DlgItem.h">
      <Filter>Source\Editor</Filter>
    </ClInclude>
    <ClInclude Include="DlgItemEdit.h">
      <Filter>Source\Editor</Filter>
    </ClInclude>
    <ClInclude Include="DlgMap.h">
      <Filter>Source\Editor</Filter>
    </ClInclude>
    <ClInclude Include="DlgMobGen.h">
      <Filter>Source\Editor</Filter>
    </ClInclude>
    <ClInclude Include="DlgSearch.h">
      <Filter>Source\Editor</Filter>
    </ClInclude>
    <ClInclude Include="DlgSkill.h">
      <Filter>Source\Editor</Filter>
    </ClInclude>
    <ClInclude Include="PageQuestBasic.h">
      <Filter>Source\Editor</Filter>
    </ClInclude>
    <ClInclude Include="PageQuestStep.h">
      <Filter>Source\Editor</Filter>
    </ClInclude>
    <ClInclude Include="PageQuestTree.h">
      <Filter>Source\Editor</Filter>
    </ClInclude>
    <ClInclude Include="SheetWithTab.h">
      <Filter>Source\Editor</Filter>
    </ClInclude>
    <ClInclude Include="stdafx.h" />
  </ItemGroup>
</Project>