<?xml version="1.0" encoding="utf-8"?>
<Project ToolsVersion="4.0" xmlns="http://schemas.microsoft.com/developer/msbuild/2003">
  <ItemGroup>
    <Filter Include="Client">
      <UniqueIdentifier>{9feeb7ff-b439-4ee1-9296-20a1bc427a05}</UniqueIdentifier>
    </Filter>
    <Filter Include="Database">
      <UniqueIdentifier>{9160a835-855a-4cf1-8a04-419bc7668fb0}</UniqueIdentifier>
    </Filter>
    <Filter Include="Database\COdbc">
      <UniqueIdentifier>{5c6b4392-aa79-4321-823a-e3f6c5a17543}</UniqueIdentifier>
    </Filter>
    <Filter Include="Database\DB_Action">
      <UniqueIdentifier>{42836baa-bc9f-4e6c-8167-9a03b86cb265}</UniqueIdentifier>
    </Filter>
    <Filter Include="DaumCrypt">
      <UniqueIdentifier>{f1f45b45-0fa4-4b2d-9a4a-031a1570f731}</UniqueIdentifier>
    </Filter>
    <Filter Include="Network">
      <UniqueIdentifier>{c728969c-ffd9-4fc5-ae6d-d2daf7898408}</UniqueIdentifier>
    </Filter>
    <Filter Include="nProtect">
      <UniqueIdentifier>{f41196e6-3a7e-4ede-846f-6db74baf6eaa}</UniqueIdentifier>
    </Filter>
    <Filter Include="Server">
      <UniqueIdentifier>{c8b476a0-e23e-4546-9ce3-993c2c89082e}</UniqueIdentifier>
    </Filter>
    <Filter Include="Server\IPFilter">
      <UniqueIdentifier>{25badd67-f60e-4f4c-bdaa-98a9808effef}</UniqueIdentifier>
    </Filter>
    <Filter Include="Util">
      <UniqueIdentifier>{82c14a48-2db4-4dc9-b653-77f437388c13}</UniqueIdentifier>
    </Filter>
    <Filter Include="Util\CFG">
      <UniqueIdentifier>{beb25b82-d089-4034-858a-d37e6885a4b6}</UniqueIdentifier>
    </Filter>
    <Filter Include="MsgDefine">
      <UniqueIdentifier>{07d18671-584f-40c7-884b-85c6dca49d71}</UniqueIdentifier>
    </Filter>
  </ItemGroup>
  <ItemGroup>
    <ClCompile Include="s_CClientAgent.cpp">
      <Filter>Client</Filter>
    </ClCompile>
    <ClCompile Include="s_CClientAgentNProtect.cpp">
      <Filter>Client</Filter>
    </ClCompile>
    <ClCompile Include="s_CClientField.cpp">
      <Filter>Client</Filter>
    </ClCompile>
    <ClCompile Include="s_CClientLogin.cpp">
      <Filter>Client</Filter>
    </ClCompile>
    <ClCompile Include="s_CClientManager.cpp">
      <Filter>Client</Filter>
    </ClCompile>
    <ClCompile Include="s_CClientSession.cpp">
      <Filter>Client</Filter>
    </ClCompile>
    <ClCompile Include="s_CNetUser.cpp">
      <Filter>Client</Filter>
    </ClCompile>
    <ClCompile Include="s_CNetUserNProtect.cpp">
      <Filter>Client</Filter>
    </ClCompile>
    <ClCompile Include="s_COdbcEnv.cpp">
      <Filter>Database\COdbc</Filter>
    </ClCompile>
    <ClCompile Include="s_COdbcGame.cpp">
      <Filter>Database\COdbc</Filter>
    </ClCompile>
    <ClCompile Include="s_COdbcGameChaCreate.cpp">
      <Filter>Database\COdbc</Filter>
    </ClCompile>
    <ClCompile Include="s_COdbcGameChaDelete.cpp">
      <Filter>Database\COdbc</Filter>
    </ClCompile>
    <ClCompile Include="s_COdbcGameChaGet.cpp">
      <Filter>Database\COdbc</Filter>
    </ClCompile>
    <ClCompile Include="s_COdbcGameChaHair.cpp">
      <Filter>Database\COdbc</Filter>
    </ClCompile>
    <ClCompile Include="s_COdbcGameChaRename.cpp">
      <Filter>Database\COdbc</Filter>
    </ClCompile>
    <ClCompile Include="s_COdbcGameChaSave.cpp">
      <Filter>Database\COdbc</Filter>
    </ClCompile>
    <ClCompile Include="s_COdbcGameClub.cpp">
      <Filter>Database\COdbc</Filter>
    </ClCompile>
    <ClCompile Include="s_COdbcGameFriend.cpp">
      <Filter>Database\COdbc</Filter>
    </ClCompile>
    <ClCompile Include="s_COdbcGameInven.cpp">
      <Filter>Database\COdbc</Filter>
    </ClCompile>
    <ClCompile Include="s_COdbcGamePet.cpp">
      <Filter>Database\COdbc</Filter>
    </ClCompile>
    <ClCompile Include="s_COdbcLog.cpp">
      <Filter>Database\COdbc</Filter>
    </ClCompile>
    <ClCompile Include="s_COdbcLogEvent.cpp">
      <Filter>Database\COdbc</Filter>
    </ClCompile>
    <ClCompile Include="s_COdbcLogItem.cpp">
      <Filter>Database\COdbc</Filter>
    </ClCompile>
    <ClCompile Include="s_COdbcManager.cpp">
      <Filter>Database\COdbc</Filter>
    </ClCompile>
    <ClCompile Include="s_COdbcShop.cpp">
      <Filter>Database\COdbc</Filter>
    </ClCompile>
    <ClCompile Include="s_COdbcSMS.cpp">
      <Filter>Database\COdbc</Filter>
    </ClCompile>
    <ClCompile Include="s_COdbcSupervisor.cpp">
      <Filter>Database\COdbc</Filter>
    </ClCompile>
    <ClCompile Include="s_COdbcUser.cpp">
      <Filter>Database\COdbc</Filter>
    </ClCompile>
    <ClCompile Include="s_COdbcUserCheck.cpp">
      <Filter>Database\COdbc</Filter>
    </ClCompile>
    <ClCompile Include="s_COdbcUserGetUserInfo.cpp">
      <Filter>Database\COdbc</Filter>
    </ClCompile>
    <ClCompile Include="s_COdbcUserRegister.cpp">
      <Filter>Database\COdbc</Filter>
    </ClCompile>
    <ClCompile Include="s_OdbcGameVehicle.cpp">
      <Filter>Database\COdbc</Filter>
    </ClCompile>
    <ClCompile Include="s_CDbAction.cpp">
      <Filter>Database\DB_Action</Filter>
    </ClCompile>
    <ClCompile Include="s_CDbActionGame.cpp">
      <Filter>Database\DB_Action</Filter>
    </ClCompile>
    <ClCompile Include="s_CDbActionLog.cpp">
      <Filter>Database\DB_Action</Filter>
    </ClCompile>
    <ClCompile Include="s_CDbActionUser.cpp">
      <Filter>Database\DB_Action</Filter>
    </ClCompile>
    <ClCompile Include="s_CDbActionUserRegister.cpp">
      <Filter>Database\DB_Action</Filter>
    </ClCompile>
    <ClCompile Include="DaumGameAuth.cpp">
      <Filter>DaumCrypt</Filter>
    </ClCompile>
    <ClCompile Include="DaumGameCrypt.cpp">
      <Filter>DaumCrypt</Filter>
    </ClCompile>
    <ClCompile Include="RcvMsgBuffer.cpp">
      <Filter>Network</Filter>
    </ClCompile>
    <ClCompile Include="s_CHttpPatch.cpp">
      <Filter>Network</Filter>
    </ClCompile>
    <ClCompile Include="s_COverlapped.cpp">
      <Filter>Network</Filter>
    </ClCompile>
    <ClCompile Include="s_CPatch.cpp">
      <Filter>Network</Filter>
    </ClCompile>
    <ClCompile Include="s_CSMsgList.cpp">
      <Filter>Network</Filter>
    </ClCompile>
    <ClCompile Include="s_NetClient.cpp">
      <Filter>Network</Filter>
    </ClCompile>
    <ClCompile Include="s_NetClientMsg.cpp">
      <Filter>Network</Filter>
    </ClCompile>
    <ClCompile Include="s_NetClientMsgDelCharacter.cpp">
      <Filter>Network</Filter>
    </ClCompile>
    <ClCompile Include="s_NetClientMsgLogin.cpp">
      <Filter>Network</Filter>
    </ClCompile>
    <ClCompile Include="SendMsgBuffer.cpp">
      <Filter>Network</Filter>
    </ClCompile>
    <ClCompile Include="s_CAgentServer.cpp">
      <Filter>Server</Filter>
    </ClCompile>
    <ClCompile Include="s_CAgentServerApex.cpp">
      <Filter>Server</Filter>
    </ClCompile>
    <ClCompile Include="s_CAgentServerChannel.cpp">
      <Filter>Server</Filter>
    </ClCompile>
    <ClCompile Include="s_CAgentServerMsg.cpp">
      <Filter>Server</Filter>
    </ClCompile>
    <ClCompile Include="s_CAgentServerMsgCharacterDelete.cpp">
      <Filter>Server</Filter>
    </ClCompile>
    <ClCompile Include="s_CAgentServerMsgLogin.cpp">
      <Filter>Server</Filter>
    </ClCompile>
    <ClCompile Include="s_CAgentServerMsgNPROTECT.cpp">
      <Filter>Server</Filter>
    </ClCompile>
    <ClCompile Include="s_CAgentServerMsgRegister.cpp">
      <Filter>Server</Filter>
    </ClCompile>
    <ClCompile Include="s_CAgentServerSession.cpp">
      <Filter>Server</Filter>
    </ClCompile>
    <ClCompile Include="s_CAgentServerThread.cpp">
      <Filter>Server</Filter>
    </ClCompile>
    <ClCompile Include="s_CFieldServer.cpp">
      <Filter>Server</Filter>
    </ClCompile>
    <ClCompile Include="s_CFieldServerMsg.cpp">
      <Filter>Server</Filter>
    </ClCompile>
    <ClCompile Include="s_CFieldServerMsgNPROTECT.cpp">
      <Filter>Server</Filter>
    </ClCompile>
    <ClCompile Include="s_CFieldServerSession.cpp">
      <Filter>Server</Filter>
    </ClCompile>
    <ClCompile Include="s_CFieldServerThread.cpp">
      <Filter>Server</Filter>
    </ClCompile>
    <ClCompile Include="s_CLoginServer.cpp">
      <Filter>Server</Filter>
    </ClCompile>
    <ClCompile Include="s_CLoginServerMsg.cpp">
      <Filter>Server</Filter>
    </ClCompile>
    <ClCompile Include="s_CLoginServerSession.cpp">
      <Filter>Server</Filter>
    </ClCompile>
    <ClCompile Include="s_CServer.cpp">
      <Filter>Server</Filter>
    </ClCompile>
    <ClCompile Include="s_CSessionServer.cpp">
      <Filter>Server</Filter>
    </ClCompile>
    <ClCompile Include="s_CSessionServerMsg.cpp">
      <Filter>Server</Filter>
    </ClCompile>
    <ClCompile Include="s_CSessionServerThread.cpp">
      <Filter>Server</Filter>
    </ClCompile>
    <ClCompile Include="s_CIPFilter.cpp">
      <Filter>Server\IPFilter</Filter>
    </ClCompile>
    <ClCompile Include="ApexCloseList.cpp">
      <Filter>Util</Filter>
    </ClCompile>
    <ClCompile Include="ApexProxy.cpp">
      <Filter>Util</Filter>
    </ClCompile>
    <ClCompile Include="des.cpp">
      <Filter>Util</Filter>
    </ClCompile>
    <ClCompile Include="dhkey.cpp">
      <Filter>Util</Filter>
    </ClCompile>
    <ClCompile Include="gamecode.cpp">
      <Filter>Util</Filter>
    </ClCompile>
    <ClCompile Include="MinLzo.cpp">
      <Filter>Util</Filter>
    </ClCompile>
    <ClCompile Include="minTea.cpp">
      <Filter>Util</Filter>
    </ClCompile>
    <ClCompile Include="minUuid.cpp">
      <Filter>Util</Filter>
    </ClCompile>
    <ClCompile Include="NETCOMMENTS.cpp">
      <Filter>Util</Filter>
    </ClCompile>
    <ClCompile Include="s_CAddressChecker.cpp">
      <Filter>Util</Filter>
    </ClCompile>
    <ClCompile Include="s_CBit.cpp">
      <Filter>Util</Filter>
    </ClCompile>
    <ClCompile Include="s_CClientConsoleMsg.cpp">
      <Filter>Util</Filter>
    </ClCompile>
    <ClCompile Include="s_CClientLock.cpp">
      <Filter>Util</Filter>
    </ClCompile>
    <ClCompile Include="s_CClientLogSystem.cpp">
      <Filter>Util</Filter>
    </ClCompile>
    <ClCompile Include="s_CConsoleMessage.cpp">
      <Filter>Util</Filter>
    </ClCompile>
    <ClCompile Include="s_CCsvFile.cpp">
      <Filter>Util</Filter>
    </ClCompile>
    <ClCompile Include="s_CGetFileSize.cpp">
      <Filter>Util</Filter>
    </ClCompile>
    <ClCompile Include="s_CLock.cpp">
      <Filter>Util</Filter>
    </ClCompile>
    <ClCompile Include="s_CLogSystem.cpp">
      <Filter>Util</Filter>
    </ClCompile>
    <ClCompile Include="s_CMemPooler.cpp">
      <Filter>Util</Filter>
    </ClCompile>
    <ClCompile Include="s_CMinMd5.cpp">
      <Filter>Util</Filter>
    </ClCompile>
    <ClCompile Include="s_CRandomNumber.cpp">
      <Filter>Util</Filter>
    </ClCompile>
    <ClCompile Include="s_CSystemInfo.cpp">
      <Filter>Util</Filter>
    </ClCompile>
    <ClCompile Include="s_CUserChecker.cpp">
      <Filter>Util</Filter>
    </ClCompile>
    <ClCompile Include="s_CWhiteRock.cpp">
      <Filter>Util</Filter>
    </ClCompile>
    <ClCompile Include="s_CWhiteRockXML.cpp">
      <Filter>Util</Filter>
    </ClCompile>
    <ClCompile Include="s_Util.cpp">
      <Filter>Util</Filter>
    </ClCompile>
    <ClCompile Include="stdafx.cpp" />
    <ClCompile Include="s_CCfg.cpp">
      <Filter>Util\CFG</Filter>
    </ClCompile>
    <ClCompile Include="s_CCfgSaveLoad.cpp">
      <Filter>Util\CFG</Filter>
    </ClCompile>
    <ClCompile Include="s_COdbcLogGM.cpp">
      <Filter>Database\COdbc</Filter>
    </ClCompile>
    <ClCompile Include="..\_Include\ggsrv.cpp">
      <Filter>nProtect</Filter>
    </ClCompile>
    <ClCompile Include="s_NetClientMsgRegister.cpp">
      <Filter>Network</Filter>
    </ClCompile>
    <ClCompile Include="s_COdbcGamePersonalLock.cpp">
      <Filter>Database\COdbc</Filter>
    </ClCompile>
    <ClCompile Include="s_COdbcGameEx.cpp">
      <Filter>Database\COdbc</Filter>
    </ClCompile>
    <ClCompile Include="s_COdbcUserEx.cpp">
      <Filter>Database\COdbc</Filter>
    </ClCompile>
    <ClCompile Include="s_NetGlobal.cpp">
      <Filter>MsgDefine</Filter>
    </ClCompile>
    <ClCompile Include="s_NetClientMsgUserAccountPage.cpp">
      <Filter>Network</Filter>
    </ClCompile>
    <ClCompile Include="s_CAgentServerMsgUserAccountPage.cpp">
      <Filter>Server</Filter>
    </ClCompile>
    <ClCompile Include="s_CDbActionUserLoginDeviceCheck.cpp">
      <Filter>Database\DB_Action</Filter>
    </ClCompile>
    <ClCompile Include="s_CDbActionUserAccountPage.cpp">
      <Filter>Database\DB_Action</Filter>
    </ClCompile>
    <ClCompile Include="s_COdbcUserAccountPage.cpp">
      <Filter>Database\COdbc</Filter>
    </ClCompile>
    <ClCompile Include="s_COdbcUserLoginDeviceCheck.cpp">
      <Filter>Database\COdbc</Filter>
    </ClCompile>
    <ClCompile Include="s_CAgentServerMsgUserLoginDeviceCheck.cpp">
      <Filter>Server</Filter>
    </ClCompile>
    <ClCompile Include="s_NetClientMsgUserLoginDeviceCheck.cpp">
      <Filter>Network</Filter>
    </ClCompile>
    <ClCompile Include="s_COdbcGamePKCombo.cpp">
      <Filter>Database\COdbc</Filter>
    </ClCompile>
    <ClCompile Include="s_COdbcGameChaTitle.cpp">
      <Filter>Database\COdbc</Filter>
    </ClCompile>
    <ClCompile Include="MsgCount.cpp">
      <Filter>Util</Filter>
    </ClCompile>
    <ClCompile Include="s_COdbcGameChaUserDB.cpp">
      <Filter>Database\COdbc</Filter>
    </ClCompile>
    <ClCompile Include="s_COdbcGameCombatRecord.cpp">
      <Filter>Database\COdbc</Filter>
    </ClCompile>
    <ClCompile Include="s_cOdbcGameGlobalRankings.cpp">
      <Filter>Database\COdbc</Filter>
    </ClCompile>
    <ClCompile Include="s_COdbcGameWeb.cpp">
      <Filter>Database\COdbc</Filter>
    </ClCompile>
    <ClCompile Include="s_CDbActionWeb.cpp">
      <Filter>Database\DB_Action</Filter>
    </ClCompile>
    <ClCompile Include="s_NetClientWebMsg.cpp">
      <Filter>Network</Filter>
    </ClCompile>
    <ClCompile Include="s_CAgentServerMsgWeb.cpp">
      <Filter>Server</Filter>
    </ClCompile>
    <ClCompile Include="s_cOdbcGameDailyLogin.cpp">
      <Filter>Database\COdbc</Filter>
    </ClCompile>
    <ClCompile Include="s_cOdbcGameBattlepass.cpp">
      <Filter>Database\COdbc</Filter>
    </ClCompile>
    <ClCompile Include="s_cOdbcGameReadSaveChaInfo.cpp">
      <Filter>Database\COdbc</Filter>
    </ClCompile>
  </ItemGroup>
  <ItemGroup>
    <ClInclude Include="s_CClientAgent.h">
      <Filter>Client</Filter>
    </ClInclude>
    <ClInclude Include="s_CClientField.h">
      <Filter>Client</Filter>
    </ClInclude>
    <ClInclude Include="s_CClientLogin.h">
      <Filter>Client</Filter>
    </ClInclude>
    <ClInclude Include="s_CClientManager.h">
      <Filter>Client</Filter>
    </ClInclude>
    <ClInclude Include="s_CClientSession.h">
      <Filter>Client</Filter>
    </ClInclude>
    <ClInclude Include="s_CNetUser.h">
      <Filter>Client</Filter>
    </ClInclude>
    <ClInclude Include="s_DbBase.h">
      <Filter>Database</Filter>
    </ClInclude>
    <ClInclude Include="s_COdbcEnv.h">
      <Filter>Database\COdbc</Filter>
    </ClInclude>
    <ClInclude Include="s_COdbcManager.h">
      <Filter>Database\COdbc</Filter>
    </ClInclude>
    <ClInclude Include="s_COdbcSupervisor.h">
      <Filter>Database\COdbc</Filter>
    </ClInclude>
    <ClInclude Include="s_CDbAction.h">
      <Filter>Database\DB_Action</Filter>
    </ClInclude>
    <ClInclude Include="DaumGameAuth.h">
      <Filter>DaumCrypt</Filter>
    </ClInclude>
    <ClInclude Include="DaumGameCrypt.h">
      <Filter>DaumCrypt</Filter>
    </ClInclude>
    <ClInclude Include="RcvMsgBuffer.h">
      <Filter>Network</Filter>
    </ClInclude>
    <ClInclude Include="s_CHttpPatch.h">
      <Filter>Network</Filter>
    </ClInclude>
    <ClInclude Include="s_COverlapped.h">
      <Filter>Network</Filter>
    </ClInclude>
    <ClInclude Include="s_CPatch.h">
      <Filter>Network</Filter>
    </ClInclude>
    <ClInclude Include="s_CSMsgList.h">
      <Filter>Network</Filter>
    </ClInclude>
    <ClInclude Include="s_NetClient.h">
      <Filter>Network</Filter>
    </ClInclude>
    <ClInclude Include="SendMsgBuffer.h">
      <Filter>Network</Filter>
    </ClInclude>
    <ClInclude Include="s_CAgentServer.h">
      <Filter>Server</Filter>
    </ClInclude>
    <ClInclude Include="s_CAgentServerApex.h">
      <Filter>Server</Filter>
    </ClInclude>
    <ClInclude Include="s_CFieldServer.h">
      <Filter>Server</Filter>
    </ClInclude>
    <ClInclude Include="s_CLoginServer.h">
      <Filter>Server</Filter>
    </ClInclude>
    <ClInclude Include="s_CServer.h">
      <Filter>Server</Filter>
    </ClInclude>
    <ClInclude Include="s_CSessionServer.h">
      <Filter>Server</Filter>
    </ClInclude>
    <ClInclude Include="ServerControllerMsgDefine.h">
      <Filter>Server</Filter>
    </ClInclude>
    <ClInclude Include="s_CIPFilter.h">
      <Filter>Server\IPFilter</Filter>
    </ClInclude>
    <ClInclude Include="ApexClient.h">
      <Filter>Util</Filter>
    </ClInclude>
    <ClInclude Include="ApexCloseList.h">
      <Filter>Util</Filter>
    </ClInclude>
    <ClInclude Include="ApexProxy.h">
      <Filter>Util</Filter>
    </ClInclude>
    <ClInclude Include="china_md5.h">
      <Filter>Util</Filter>
    </ClInclude>
    <ClInclude Include="des.h">
      <Filter>Util</Filter>
    </ClInclude>
    <ClInclude Include="dhkey.h">
      <Filter>Util</Filter>
    </ClInclude>
    <ClInclude Include="gamecode.h">
      <Filter>Util</Filter>
    </ClInclude>
    <ClInclude Include="MinLzo.h">
      <Filter>Util</Filter>
    </ClInclude>
    <ClInclude Include="minTea.h">
      <Filter>Util</Filter>
    </ClInclude>
    <ClInclude Include="minUuid.h">
      <Filter>Util</Filter>
    </ClInclude>
    <ClInclude Include="NETCOMMENTS.h">
      <Filter>Util</Filter>
    </ClInclude>
    <ClInclude Include="s_CAddressChecker.h">
      <Filter>Util</Filter>
    </ClInclude>
    <ClInclude Include="s_CBit.h">
      <Filter>Util</Filter>
    </ClInclude>
    <ClInclude Include="s_CClientConsoleMsg.h">
      <Filter>Util</Filter>
    </ClInclude>
    <ClInclude Include="s_CClientLock.h">
      <Filter>Util</Filter>
    </ClInclude>
    <ClInclude Include="s_CClientLogSystem.h">
      <Filter>Util</Filter>
    </ClInclude>
    <ClInclude Include="s_CConsoleMessage.h">
      <Filter>Util</Filter>
    </ClInclude>
    <ClInclude Include="s_CCsvFile.h">
      <Filter>Util</Filter>
    </ClInclude>
    <ClInclude Include="s_CLock.h">
      <Filter>Util</Filter>
    </ClInclude>
    <ClInclude Include="s_CLogSystem.h">
      <Filter>Util</Filter>
    </ClInclude>
    <ClInclude Include="s_CMemPooler.h">
      <Filter>Util</Filter>
    </ClInclude>
    <ClInclude Include="s_CMinMd5.h">
      <Filter>Util</Filter>
    </ClInclude>
    <ClInclude Include="s_CRandomNumber.h">
      <Filter>Util</Filter>
    </ClInclude>
    <ClInclude Include="s_CSystemInfo.h">
      <Filter>Util</Filter>
    </ClInclude>
    <ClInclude Include="s_CUserChecker.h">
      <Filter>Util</Filter>
    </ClInclude>
    <ClInclude Include="s_CWhiteRock.h">
      <Filter>Util</Filter>
    </ClInclude>
    <ClInclude Include="s_CWhiteRockXML.h">
      <Filter>Util</Filter>
    </ClInclude>
    <ClInclude Include="s_Util.h">
      <Filter>Util</Filter>
    </ClInclude>
    <ClInclude Include="stdafx.h" />
    <ClInclude Include="s_CCfg.h">
      <Filter>Util\CFG</Filter>
    </ClInclude>
    <ClInclude Include="..\_Include\ggsrv.h">
      <Filter>nProtect</Filter>
    </ClInclude>
    <ClInclude Include="s_NetMsgEnum.h">
      <Filter>MsgDefine</Filter>
    </ClInclude>
    <ClInclude Include="s_NetMsgLobby.h">
      <Filter>MsgDefine</Filter>
    </ClInclude>
    <ClInclude Include="s_NetMsgDefine.h">
      <Filter>MsgDefine</Filter>
    </ClInclude>
    <ClInclude Include="s_NetGlobal.h">
      <Filter>MsgDefine</Filter>
    </ClInclude>
    <ClInclude Include="MsgCount.h">
      <Filter>Util</Filter>
    </ClInclude>
    <ClInclude Include="LoginDefine.h">
      <Filter>Network</Filter>
    </ClInclude>
  </ItemGroup>
  <ItemGroup>
    <None Include="ReadMe.txt" />
  </ItemGroup>
</Project>