<?xml version="1.0" encoding="utf-8"?>
<Project ToolsVersion="4.0" xmlns="http://schemas.microsoft.com/developer/msbuild/2003">
  <ItemGroup>
    <Filter Include="Resource Files">
      <UniqueIdentifier>{2752e01f-f9d0-4998-91f7-73d48d9a10e1}</UniqueIdentifier>
    </Filter>
    <Filter Include="Source">
      <UniqueIdentifier>{45232719-363c-438c-b665-090f337e1010}</UniqueIdentifier>
    </Filter>
  </ItemGroup>
  <ItemGroup>
    <ResourceCompile Include="EditorItemMix.rc">
      <Filter>Resource Files</Filter>
    </ResourceCompile>
  </ItemGroup>
  <ItemGroup>
    <None Include="res\EditorItemMix.rc2">
      <Filter>Resource Files</Filter>
    </None>
    <None Include="..\res\Icon_Tool.ico">
      <Filter>Resource Files</Filter>
    </None>
    <None Include="ReadMe.txt" />
  </ItemGroup>
  <ItemGroup>
    <ClCompile Include="DlgFindItem.cpp">
      <Filter>Source</Filter>
    </ClCompile>
    <ClCompile Include="EditorItemMix.cpp">
      <Filter>Source</Filter>
    </ClCompile>
    <ClCompile Include="EditorItemMixDlg.cpp">
      <Filter>Source</Filter>
    </ClCompile>
    <ClCompile Include="stdafx.cpp" />
  </ItemGroup>
  <ItemGroup>
    <ClInclude Include="DlgFindItem.h">
      <Filter>Source</Filter>
    </ClInclude>
    <ClInclude Include="EditorItemMix.h">
      <Filter>Source</Filter>
    </ClInclude>
    <ClInclude Include="EditorItemMixDlg.h">
      <Filter>Source</Filter>
    </ClInclude>
    <ClInclude Include="resource.h">
      <Filter>Source</Filter>
    </ClInclude>
    <ClInclude Include="stdafx.h" />
  </ItemGroup>
</Project>