<?xml version="1.0" encoding="utf-8"?>
<Project ToolsVersion="4.0" xmlns="http://schemas.microsoft.com/developer/msbuild/2003">
  <ItemGroup>
    <Filter Include="Resource Files">
      <UniqueIdentifier>{33373b8e-1474-422b-9eca-46f9147d3a6c}</UniqueIdentifier>
      <Extensions>rc;ico;cur;bmp;dlg;rc2;rct;bin;rgs;gif;jpg;jpeg;jpe</Extensions>
    </Filter>
    <Filter Include="Source">
      <UniqueIdentifier>{15bc3676-eabe-4717-9888-11b371d136a7}</UniqueIdentifier>
    </Filter>
  </ItemGroup>
  <ItemGroup>
    <None Include="..\res\Icon_Server.ico">
      <Filter>Resource Files</Filter>
    </None>
  </ItemGroup>
  <ItemGroup>
    <ResourceCompile Include="ServerLogin.rc">
      <Filter>Resource Files</Filter>
    </ResourceCompile>
  </ItemGroup>
  <ItemGroup>
    <ClCompile Include="CheckOrder.cpp">
      <Filter>Source</Filter>
    </ClCompile>
    <ClCompile Include="ServerLogin.cpp">
      <Filter>Source</Filter>
    </ClCompile>
    <ClCompile Include="stdafx.cpp" />
  </ItemGroup>
  <ItemGroup>
    <ClInclude Include="CheckOrder.h">
      <Filter>Source</Filter>
    </ClInclude>
    <ClInclude Include="resource.h">
      <Filter>Source</Filter>
    </ClInclude>
    <ClInclude Include="ServerLogin.h">
      <Filter>Source</Filter>
    </ClInclude>
    <ClInclude Include="stdafx.h" />
  </ItemGroup>
</Project>