<?xml version="1.0" encoding="utf-8"?>
<Project ToolsVersion="4.0" xmlns="http://schemas.microsoft.com/developer/msbuild/2003">
  <ItemGroup>
    <Filter Include="Resource Files">
      <UniqueIdentifier>{8c85cd13-774f-4f5a-b0a5-b8ea03d74491}</UniqueIdentifier>
    </Filter>
    <Filter Include="Source">
      <UniqueIdentifier>{9b060fbb-04e3-46c1-a26a-468c241808dd}</UniqueIdentifier>
    </Filter>
    <Filter Include="Source\Editor">
      <UniqueIdentifier>{f598e323-fc98-460b-8902-ffaf04813d4a}</UniqueIdentifier>
    </Filter>
    <Filter Include="Source\Editor\Helper">
      <UniqueIdentifier>{18a2dc98-d74d-4492-bfe4-d09a94017b80}</UniqueIdentifier>
    </Filter>
  </ItemGroup>
  <ItemGroup>
    <ResourceCompile Include="EditorLevel.rc">
      <Filter>Resource Files</Filter>
    </ResourceCompile>
  </ItemGroup>
  <ItemGroup>
    <None Include="res\EditorLevel.rc2">
      <Filter>Resource Files</Filter>
    </None>
    <None Include="res\EditorLevelDoc.ico">
      <Filter>Resource Files</Filter>
    </None>
    <None Include="..\res\Icon_Tool.ico">
      <Filter>Resource Files</Filter>
    </None>
    <None Include="res\Toolbar.bmp">
      <Filter>Resource Files</Filter>
    </None>
    <None Include="ReadMe.txt" />
  </ItemGroup>
  <ItemGroup>
    <ClCompile Include="EditorLevel.cpp">
      <Filter>Source</Filter>
    </ClCompile>
    <ClCompile Include="EditorLevelDoc.cpp">
      <Filter>Source</Filter>
    </ClCompile>
    <ClCompile Include="EditorLevelView.cpp">
      <Filter>Source</Filter>
    </ClCompile>
    <ClCompile Include="EditorLevelViewD3d.cpp">
      <Filter>Source</Filter>
    </ClCompile>
    <ClCompile Include="MainFrm.cpp">
      <Filter>Source</Filter>
    </ClCompile>
    <ClCompile Include="DlgInsertLeader.cpp">
      <Filter>Source\Editor</Filter>
    </ClCompile>
    <ClCompile Include="DlgInsertMember.cpp">
      <Filter>Source\Editor</Filter>
    </ClCompile>
    <ClCompile Include="EditorBar.cpp">
      <Filter>Source\Editor</Filter>
    </ClCompile>
    <ClCompile Include="PageBasic.cpp">
      <Filter>Source\Editor</Filter>
    </ClCompile>
    <ClCompile Include="PageCondition.cpp">
      <Filter>Source\Editor</Filter>
    </ClCompile>
    <ClCompile Include="PageCrow.cpp">
      <Filter>Source\Editor</Filter>
    </ClCompile>
    <ClCompile Include="PageEditCrow.cpp">
      <Filter>Source\Editor</Filter>
    </ClCompile>
    <ClCompile Include="PageEditEffect.cpp">
      <Filter>Source\Editor</Filter>
    </ClCompile>
    <ClCompile Include="PageEditGate.cpp">
      <Filter>Source\Editor</Filter>
    </ClCompile>
    <ClCompile Include="PageEditLandMark.cpp">
      <Filter>Source\Editor</Filter>
    </ClCompile>
    <ClCompile Include="PageEffect.cpp">
      <Filter>Source\Editor</Filter>
    </ClCompile>
    <ClCompile Include="PageEtc.cpp">
      <Filter>Source\Editor</Filter>
    </ClCompile>
    <ClCompile Include="PageGate.cpp">
      <Filter>Source\Editor</Filter>
    </ClCompile>
    <ClCompile Include="PageLandMark.cpp">
      <Filter>Source\Editor</Filter>
    </ClCompile>
    <ClCompile Include="PageMain.cpp">
      <Filter>Source\Editor</Filter>
    </ClCompile>
    <ClCompile Include="SheetWithTab.cpp">
      <Filter>Source\Editor</Filter>
    </ClCompile>
    <ClCompile Include="DlgCrowReplace.cpp">
      <Filter>Source\Editor\Helper</Filter>
    </ClCompile>
    <ClCompile Include="DlgFindCrow.cpp">
      <Filter>Source\Editor\Helper</Filter>
    </ClCompile>
    <ClCompile Include="DlgFindItem.cpp">
      <Filter>Source\Editor\Helper</Filter>
    </ClCompile>
    <ClCompile Include="DlgFindMap.cpp">
      <Filter>Source\Editor\Helper</Filter>
    </ClCompile>
    <ClCompile Include="DlgFindQuest.cpp">
      <Filter>Source\Editor\Helper</Filter>
    </ClCompile>
    <ClCompile Include="DlgFindSkill.cpp">
      <Filter>Source\Editor\Helper</Filter>
    </ClCompile>
    <ClCompile Include="GenerateName.cpp">
      <Filter>Source\Editor\Helper</Filter>
    </ClCompile>
    <ClCompile Include="stdafx.cpp" />
  </ItemGroup>
  <ItemGroup>
    <ClInclude Include="EditorLevel.h">
      <Filter>Source</Filter>
    </ClInclude>
    <ClInclude Include="EditorLevelDoc.h">
      <Filter>Source</Filter>
    </ClInclude>
    <ClInclude Include="EditorLevelView.h">
      <Filter>Source</Filter>
    </ClInclude>
    <ClInclude Include="MainFrm.h">
      <Filter>Source</Filter>
    </ClInclude>
    <ClInclude Include="resource.h">
      <Filter>Source</Filter>
    </ClInclude>
    <ClInclude Include="DlgInsertLeader.h">
      <Filter>Source\Editor</Filter>
    </ClInclude>
    <ClInclude Include="DlgInsertMember.h">
      <Filter>Source\Editor</Filter>
    </ClInclude>
    <ClInclude Include="EditorBar.h">
      <Filter>Source\Editor</Filter>
    </ClInclude>
    <ClInclude Include="PageBasic.h">
      <Filter>Source\Editor</Filter>
    </ClInclude>
    <ClInclude Include="PageCondition.h">
      <Filter>Source\Editor</Filter>
    </ClInclude>
    <ClInclude Include="PageCrow.h">
      <Filter>Source\Editor</Filter>
    </ClInclude>
    <ClInclude Include="PageEditCrow.h">
      <Filter>Source\Editor</Filter>
    </ClInclude>
    <ClInclude Include="PageEditEffect.h">
      <Filter>Source\Editor</Filter>
    </ClInclude>
    <ClInclude Include="PageEditGate.h">
      <Filter>Source\Editor</Filter>
    </ClInclude>
    <ClInclude Include="PageEditLandMark.h">
      <Filter>Source\Editor</Filter>
    </ClInclude>
    <ClInclude Include="PageEffect.h">
      <Filter>Source\Editor</Filter>
    </ClInclude>
    <ClInclude Include="PageEtc.h">
      <Filter>Source\Editor</Filter>
    </ClInclude>
    <ClInclude Include="PageGate.h">
      <Filter>Source\Editor</Filter>
    </ClInclude>
    <ClInclude Include="PageLandMark.h">
      <Filter>Source\Editor</Filter>
    </ClInclude>
    <ClInclude Include="PageMain.h">
      <Filter>Source\Editor</Filter>
    </ClInclude>
    <ClInclude Include="SheetWithTab.h">
      <Filter>Source\Editor</Filter>
    </ClInclude>
    <ClInclude Include="DlgCrowReplace.h">
      <Filter>Source\Editor\Helper</Filter>
    </ClInclude>
    <ClInclude Include="DlgFindCrow.h">
      <Filter>Source\Editor\Helper</Filter>
    </ClInclude>
    <ClInclude Include="DlgFindItem.h">
      <Filter>Source\Editor\Helper</Filter>
    </ClInclude>
    <ClInclude Include="DlgFindMap.h">
      <Filter>Source\Editor\Helper</Filter>
    </ClInclude>
    <ClInclude Include="DlgFindQuest.h">
      <Filter>Source\Editor\Helper</Filter>
    </ClInclude>
    <ClInclude Include="DlgFindSkill.h">
      <Filter>Source\Editor\Helper</Filter>
    </ClInclude>
    <ClInclude Include="GenerateName.h">
      <Filter>Source\Editor\Helper</Filter>
    </ClInclude>
    <ClInclude Include="stdafx.h" />
  </ItemGroup>
</Project>