<?xml version="1.0" encoding="utf-8"?>
<Project ToolsVersion="4.0" xmlns="http://schemas.microsoft.com/developer/msbuild/2003">
  <ItemGroup>
    <Filter Include="Resource Files">
      <UniqueIdentifier>{f775127c-5bb8-42d3-8b56-c9427ac3cf78}</UniqueIdentifier>
    </Filter>
    <Filter Include="Source">
      <UniqueIdentifier>{d95f75a4-4c12-4a52-bb62-bf5265f908a5}</UniqueIdentifier>
    </Filter>
  </ItemGroup>
  <ItemGroup>
    <ResourceCompile Include="EditorTaxi.rc">
      <Filter>Resource Files</Filter>
    </ResourceCompile>
  </ItemGroup>
  <ItemGroup>
    <None Include="res\EditorTaxi.rc2">
      <Filter>Resource Files</Filter>
    </None>
    <None Include="..\res\Icon_Tool.ico">
      <Filter>Resource Files</Filter>
    </None>
    <None Include="ReadMe.txt" />
  </ItemGroup>
  <ItemGroup>
    <ClCompile Include="DlgCrow.cpp">
      <Filter>Source</Filter>
    </ClCompile>
    <ClCompile Include="DlgMap.cpp">
      <Filter>Source</Filter>
    </ClCompile>
    <ClCompile Include="EditorTaxi.cpp">
      <Filter>Source</Filter>
    </ClCompile>
    <ClCompile Include="EditorTaxiDlg.cpp">
      <Filter>Source</Filter>
    </ClCompile>
    <ClCompile Include="stdafx.cpp" />
  </ItemGroup>
  <ItemGroup>
    <ClInclude Include="DlgCrow.h">
      <Filter>Source</Filter>
    </ClInclude>
    <ClInclude Include="DlgMap.h">
      <Filter>Source</Filter>
    </ClInclude>
    <ClInclude Include="EditorTaxi.h">
      <Filter>Source</Filter>
    </ClInclude>
    <ClInclude Include="EditorTaxiDlg.h">
      <Filter>Source</Filter>
    </ClInclude>
    <ClInclude Include="resource.h">
      <Filter>Source</Filter>
    </ClInclude>
    <ClInclude Include="stdafx.h" />
  </ItemGroup>
</Project>