<?xml version="1.0" encoding="utf-8"?>
<Project ToolsVersion="4.0" xmlns="http://schemas.microsoft.com/developer/msbuild/2003">
  <ItemGroup>
    <Filter Include="Resource Files">
      <UniqueIdentifier>{a5d1fd1c-e65b-4f7b-bbef-8e20431079be}</UniqueIdentifier>
    </Filter>
    <Filter Include="Source">
      <UniqueIdentifier>{5d71246b-7050-48d7-bb0b-4e91725d6df9}</UniqueIdentifier>
    </Filter>
    <Filter Include="Source\Editor">
      <UniqueIdentifier>{71834ba5-713b-41d8-9792-a87418cd6bc4}</UniqueIdentifier>
    </Filter>
  </ItemGroup>
  <ItemGroup>
    <ResourceCompile Include="EditorSkill.rc">
      <Filter>Resource Files</Filter>
    </ResourceCompile>
  </ItemGroup>
  <ItemGroup>
    <None Include="res\EditorSkill.rc2">
      <Filter>Resource Files</Filter>
    </None>
    <None Include="..\res\Icon_Tool.ico">
      <Filter>Resource Files</Filter>
    </None>
    <None Include="ReadMe.txt" />
  </ItemGroup>
  <ItemGroup>
    <ClCompile Include="EditorSkill.cpp">
      <Filter>Source</Filter>
    </ClCompile>
    <ClCompile Include="EditorSkillDlg.cpp">
      <Filter>Source</Filter>
    </ClCompile>
    <ClCompile Include="DlgCrow.cpp">
      <Filter>Source\Editor</Filter>
    </ClCompile>
    <ClCompile Include="DlgSkill.cpp">
      <Filter>Source\Editor</Filter>
    </ClCompile>
    <ClCompile Include="PageEdit1.cpp">
      <Filter>Source\Editor</Filter>
    </ClCompile>
    <ClCompile Include="PageEdit1Ex.cpp">
      <Filter>Source\Editor</Filter>
    </ClCompile>
    <ClCompile Include="PageEdit2.cpp">
      <Filter>Source\Editor</Filter>
    </ClCompile>
    <ClCompile Include="PageEdit2Ex.cpp">
      <Filter>Source\Editor</Filter>
    </ClCompile>
    <ClCompile Include="PageTree.cpp">
      <Filter>Source\Editor</Filter>
    </ClCompile>
    <ClCompile Include="PageTreeEx.cpp">
      <Filter>Source\Editor</Filter>
    </ClCompile>
    <ClCompile Include="Search.cpp">
      <Filter>Source\Editor</Filter>
    </ClCompile>
    <ClCompile Include="SheetWithTab.cpp">
      <Filter>Source\Editor</Filter>
    </ClCompile>
    <ClCompile Include="stdafx.cpp" />
    <ClCompile Include="Search2.cpp">
      <Filter>Source\Editor</Filter>
    </ClCompile>
  </ItemGroup>
  <ItemGroup>
    <ClInclude Include="EditorSkill.h">
      <Filter>Source</Filter>
    </ClInclude>
    <ClInclude Include="EditorSkillDlg.h">
      <Filter>Source</Filter>
    </ClInclude>
    <ClInclude Include="resource.h">
      <Filter>Source</Filter>
    </ClInclude>
    <ClInclude Include="DlgCrow.h">
      <Filter>Source\Editor</Filter>
    </ClInclude>
    <ClInclude Include="DlgSkill.h">
      <Filter>Source\Editor</Filter>
    </ClInclude>
    <ClInclude Include="PageEdit1.h">
      <Filter>Source\Editor</Filter>
    </ClInclude>
    <ClInclude Include="PageEdit2.h">
      <Filter>Source\Editor</Filter>
    </ClInclude>
    <ClInclude Include="PageTree.h">
      <Filter>Source\Editor</Filter>
    </ClInclude>
    <ClInclude Include="Search.h">
      <Filter>Source\Editor</Filter>
    </ClInclude>
    <ClInclude Include="SheetWithTab.h">
      <Filter>Source\Editor</Filter>
    </ClInclude>
    <ClInclude Include="stdafx.h" />
    <ClInclude Include="SearchDefine.h">
      <Filter>Source\Editor</Filter>
    </ClInclude>
    <ClInclude Include="Search2.h">
      <Filter>Source\Editor</Filter>
    </ClInclude>
  </ItemGroup>
</Project>