<?xml version="1.0" encoding="utf-8"?>
<Project ToolsVersion="4.0" xmlns="http://schemas.microsoft.com/developer/msbuild/2003">
  <ItemGroup>
    <Filter Include="MFCHelper">
      <UniqueIdentifier>{cae8ec42-24e6-4c2a-92c7-137ce044b2b7}</UniqueIdentifier>
    </Filter>
    <Filter Include="LibHelper">
      <UniqueIdentifier>{d18afbf1-4b64-4594-a301-3f363c6f3f2b}</UniqueIdentifier>
    </Filter>
    <Filter Include="RPCID">
      <UniqueIdentifier>{f02a01d4-5160-427e-8047-9c788797fa4a}</UniqueIdentifier>
    </Filter>
    <Filter Include="SMBiosParser">
      <UniqueIdentifier>{05ebc3b0-729c-4ca2-bcd6-a2e6516cbed3}</UniqueIdentifier>
    </Filter>
  </ItemGroup>
  <ItemGroup>
    <ClCompile Include="BmpButton.cpp">
      <Filter>MFCHelper</Filter>
    </ClCompile>
    <ClCompile Include="Bubble.cpp">
      <Filter>MFCHelper</Filter>
    </ClCompile>
    <ClCompile Include="CheckListBoxLog.cpp">
      <Filter>MFCHelper</Filter>
    </ClCompile>
    <ClCompile Include="CJFlatComboBox.cpp">
      <Filter>MFCHelper</Filter>
    </ClCompile>
    <ClCompile Include="CompactFdi.Cpp">
      <Filter>MFCHelper</Filter>
    </ClCompile>
    <ClCompile Include="CoolDialogBar.cpp">
      <Filter>MFCHelper</Filter>
    </ClCompile>
    <ClCompile Include="DIB.cpp">
      <Filter>MFCHelper</Filter>
    </ClCompile>
    <ClCompile Include="DxControlFunc.cpp">
      <Filter>MFCHelper</Filter>
    </ClCompile>
    <ClCompile Include="EtcFunction.cpp">
      <Filter>MFCHelper</Filter>
    </ClCompile>
    <ClCompile Include="flatedit.cpp">
      <Filter>MFCHelper</Filter>
    </ClCompile>
    <ClCompile Include="HyperlinkStatic.cpp">
      <Filter>MFCHelper</Filter>
    </ClCompile>
    <ClCompile Include="MacButtons.cpp">
      <Filter>MFCHelper</Filter>
    </ClCompile>
    <ClCompile Include="MacProgressCtrl.cpp">
      <Filter>MFCHelper</Filter>
    </ClCompile>
    <ClCompile Include="memdc.cpp">
      <Filter>MFCHelper</Filter>
    </ClCompile>
    <ClCompile Include="MultiSlider.cpp">
      <Filter>MFCHelper</Filter>
    </ClCompile>
    <ClCompile Include="ReportCtrl.cpp">
      <Filter>MFCHelper</Filter>
    </ClCompile>
    <ClCompile Include="rol_clipboard.cpp">
      <Filter>MFCHelper</Filter>
    </ClCompile>
    <ClCompile Include="Separator.cpp">
      <Filter>MFCHelper</Filter>
    </ClCompile>
    <ClCompile Include="StColor.cpp">
      <Filter>MFCHelper</Filter>
    </ClCompile>
    <ClCompile Include="StopWatch.cpp">
      <Filter>MFCHelper</Filter>
    </ClCompile>
    <ClCompile Include="ToolBarEx.cpp">
      <Filter>MFCHelper</Filter>
    </ClCompile>
    <ClCompile Include="WusDV_Util.cpp">
      <Filter>MFCHelper</Filter>
    </ClCompile>
    <ClCompile Include="HLibColorValue.cpp">
      <Filter>LibHelper</Filter>
    </ClCompile>
    <ClCompile Include="HLibDataConvert.cpp">
      <Filter>LibHelper</Filter>
    </ClCompile>
    <ClCompile Include="HLibTimeFunctions.cpp">
      <Filter>LibHelper</Filter>
    </ClCompile>
    <ClCompile Include="StdAfx.cpp" />
    <ClCompile Include="TextProgressCtrl.cpp">
      <Filter>MFCHelper</Filter>
    </ClCompile>
    <ClCompile Include="CTestMemDC.cpp">
      <Filter>MFCHelper</Filter>
    </ClCompile>
    <ClCompile Include="RPCID\RPCID.cpp">
      <Filter>RPCID</Filter>
    </ClCompile>
    <ClCompile Include="FileDialogFilters.cpp">
      <Filter>LibHelper</Filter>
    </ClCompile>
    <ClCompile Include="SMBiosParser\SMBiosParser.cpp">
      <Filter>SMBiosParser</Filter>
    </ClCompile>
    <ClCompile Include="SMBiosParser\SMBiosParserSample.cpp">
      <Filter>SMBiosParser</Filter>
    </ClCompile>
    <ClCompile Include="RPCID\RPCIDSMBIOS.cpp">
      <Filter>RPCID</Filter>
    </ClCompile>
    <ClCompile Include="RPCID\RPCIDMAC.cpp">
      <Filter>RPCID</Filter>
    </ClCompile>
    <ClCompile Include="cMtSafeVar.cpp" />
    <ClCompile Include="standard_string_convert.cpp">
      <Filter>LibHelper</Filter>
    </ClCompile>
    <ClCompile Include="HLibErrorMsg.cpp">
      <Filter>LibHelper</Filter>
    </ClCompile>
    <ClCompile Include="StringTrim.cpp">
      <Filter>LibHelper</Filter>
    </ClCompile>
  </ItemGroup>
  <ItemGroup>
    <ClInclude Include="BmpButton.h">
      <Filter>MFCHelper</Filter>
    </ClInclude>
    <ClInclude Include="Bubble.h">
      <Filter>MFCHelper</Filter>
    </ClInclude>
    <ClInclude Include="CheckListBoxLog.h">
      <Filter>MFCHelper</Filter>
    </ClInclude>
    <ClInclude Include="CJFlatComboBox.h">
      <Filter>MFCHelper</Filter>
    </ClInclude>
    <ClInclude Include="CompactFdi.h">
      <Filter>MFCHelper</Filter>
    </ClInclude>
    <ClInclude Include="CoolDialogBar.h">
      <Filter>MFCHelper</Filter>
    </ClInclude>
    <ClInclude Include="DIB.h">
      <Filter>MFCHelper</Filter>
    </ClInclude>
    <ClInclude Include="DxControlFunc.h">
      <Filter>MFCHelper</Filter>
    </ClInclude>
    <ClInclude Include="EtcFunction.h">
      <Filter>MFCHelper</Filter>
    </ClInclude>
    <ClInclude Include="flatedit.h">
      <Filter>MFCHelper</Filter>
    </ClInclude>
    <ClInclude Include="HyperlinkStatic.h">
      <Filter>MFCHelper</Filter>
    </ClInclude>
    <ClInclude Include="MacButtons.h">
      <Filter>MFCHelper</Filter>
    </ClInclude>
    <ClInclude Include="MacProgressCtrl.h">
      <Filter>MFCHelper</Filter>
    </ClInclude>
    <ClInclude Include="memdc.h">
      <Filter>MFCHelper</Filter>
    </ClInclude>
    <ClInclude Include="MultiSlider.h">
      <Filter>MFCHelper</Filter>
    </ClInclude>
    <ClInclude Include="ReportCtrl.h">
      <Filter>MFCHelper</Filter>
    </ClInclude>
    <ClInclude Include="rol_clipboard.h">
      <Filter>MFCHelper</Filter>
    </ClInclude>
    <ClInclude Include="Separator.h">
      <Filter>MFCHelper</Filter>
    </ClInclude>
    <ClInclude Include="StColor.h">
      <Filter>MFCHelper</Filter>
    </ClInclude>
    <ClInclude Include="StopWatch.h">
      <Filter>MFCHelper</Filter>
    </ClInclude>
    <ClInclude Include="ToolBarEx.h">
      <Filter>MFCHelper</Filter>
    </ClInclude>
    <ClInclude Include="WusDV_Util.h">
      <Filter>MFCHelper</Filter>
    </ClInclude>
    <ClInclude Include="HLibColorValue.h">
      <Filter>LibHelper</Filter>
    </ClInclude>
    <ClInclude Include="HLibDataConvert.h">
      <Filter>LibHelper</Filter>
    </ClInclude>
    <ClInclude Include="HLibTimeFunctions.h">
      <Filter>LibHelper</Filter>
    </ClInclude>
    <ClInclude Include="StdAfx.h" />
    <ClInclude Include="c99printf.h">
      <Filter>MFCHelper</Filter>
    </ClInclude>
    <ClInclude Include="TextProgressCtrl.h">
      <Filter>MFCHelper</Filter>
    </ClInclude>
    <ClInclude Include="CTestMemDC.h">
      <Filter>MFCHelper</Filter>
    </ClInclude>
    <ClInclude Include="CommonContainer.h">
      <Filter>LibHelper</Filter>
    </ClInclude>
    <ClInclude Include="RPCID\RPCID.h">
      <Filter>RPCID</Filter>
    </ClInclude>
    <ClInclude Include="FileDialogFilters.h">
      <Filter>LibHelper</Filter>
    </ClInclude>
    <ClInclude Include="SMBiosParser\SMBiosParser.h">
      <Filter>SMBiosParser</Filter>
    </ClInclude>
    <ClInclude Include="RPCID\RPCIDSMBIOS.h">
      <Filter>RPCID</Filter>
    </ClInclude>
    <ClInclude Include="RPCID\RPCIDMAC.h">
      <Filter>RPCID</Filter>
    </ClInclude>
    <ClInclude Include="cMtSafeVar.h" />
    <ClInclude Include="standard_string_convert.h">
      <Filter>LibHelper</Filter>
    </ClInclude>
    <ClInclude Include="HLibErrorMsg.h">
      <Filter>LibHelper</Filter>
    </ClInclude>
    <ClInclude Include="StringTrim.h">
      <Filter>LibHelper</Filter>
    </ClInclude>
  </ItemGroup>
  <ItemGroup>
    <None Include="Readme.txt" />
  </ItemGroup>
</Project>