<?xml version="1.0" encoding="utf-8"?>
<Project ToolsVersion="4.0" xmlns="http://schemas.microsoft.com/developer/msbuild/2003">
  <ItemGroup>
    <Filter Include="Resource Files">
      <UniqueIdentifier>{8e9e7f5e-ec0e-4439-af93-f6ca4150f9c0}</UniqueIdentifier>
    </Filter>
    <Filter Include="Source">
      <UniqueIdentifier>{2649de44-0ec7-4be5-82b7-330e2e0e578d}</UniqueIdentifier>
    </Filter>
    <Filter Include="Source\Editor">
      <UniqueIdentifier>{80a5b75c-0724-44cc-ad05-210158fe3c39}</UniqueIdentifier>
    </Filter>
  </ItemGroup>
  <ItemGroup>
    <ResourceCompile Include="EditorMobNpc.rc">
      <Filter>Resource Files</Filter>
    </ResourceCompile>
  </ItemGroup>
  <ItemGroup>
    <None Include="res\EditorMobNpc.rc2">
      <Filter>Resource Files</Filter>
    </None>
    <None Include="..\res\Icon_Tool.ico">
      <Filter>Resource Files</Filter>
    </None>
    <None Include="ReadMe.txt" />
  </ItemGroup>
  <ItemGroup>
    <ClCompile Include="EditorMobNpc.cpp">
      <Filter>Source</Filter>
    </ClCompile>
    <ClCompile Include="EditorMobNpcDlg.cpp">
      <Filter>Source</Filter>
    </ClCompile>
    <ClCompile Include="DlgCrow.cpp">
      <Filter>Source\Editor</Filter>
    </ClCompile>
    <ClCompile Include="DlgItem.cpp">
      <Filter>Source\Editor</Filter>
    </ClCompile>
    <ClCompile Include="DlgSearch.cpp">
      <Filter>Source\Editor</Filter>
    </ClCompile>
    <ClCompile Include="DlgSkill.cpp">
      <Filter>Source\Editor</Filter>
    </ClCompile>
    <ClCompile Include="PageEdit1.cpp">
      <Filter>Source\Editor</Filter>
    </ClCompile>
    <ClCompile Include="PageEdit1Ex.cpp">
      <Filter>Source\Editor</Filter>
    </ClCompile>
    <ClCompile Include="PageEdit2.cpp">
      <Filter>Source\Editor</Filter>
    </ClCompile>
    <ClCompile Include="PageEdit2Ex.cpp">
      <Filter>Source\Editor</Filter>
    </ClCompile>
    <ClCompile Include="PageEdit2Pattern.cpp">
      <Filter>Source\Editor</Filter>
    </ClCompile>
    <ClCompile Include="PageTree.cpp">
      <Filter>Source\Editor</Filter>
    </ClCompile>
    <ClCompile Include="PageTreeEx.cpp">
      <Filter>Source\Editor</Filter>
    </ClCompile>
    <ClCompile Include="SheetWithTab.cpp">
      <Filter>Source\Editor</Filter>
    </ClCompile>
    <ClCompile Include="stdafx.cpp" />
    <ClCompile Include="PageEdit3.cpp">
      <Filter>Source\Editor</Filter>
    </ClCompile>
    <ClCompile Include="PageEdit3Ex.cpp">
      <Filter>Source\Editor</Filter>
    </ClCompile>
  </ItemGroup>
  <ItemGroup>
    <ClInclude Include="EditorMobNpc.h">
      <Filter>Source</Filter>
    </ClInclude>
    <ClInclude Include="EditorMobNpcDlg.h">
      <Filter>Source</Filter>
    </ClInclude>
    <ClInclude Include="resource.h">
      <Filter>Source</Filter>
    </ClInclude>
    <ClInclude Include="DlgCrow.h">
      <Filter>Source\Editor</Filter>
    </ClInclude>
    <ClInclude Include="DlgItem.h">
      <Filter>Source\Editor</Filter>
    </ClInclude>
    <ClInclude Include="DlgSearch.h">
      <Filter>Source\Editor</Filter>
    </ClInclude>
    <ClInclude Include="DlgSkill.h">
      <Filter>Source\Editor</Filter>
    </ClInclude>
    <ClInclude Include="PageEdit1.h">
      <Filter>Source\Editor</Filter>
    </ClInclude>
    <ClInclude Include="PageEdit2.h">
      <Filter>Source\Editor</Filter>
    </ClInclude>
    <ClInclude Include="PageTree.h">
      <Filter>Source\Editor</Filter>
    </ClInclude>
    <ClInclude Include="SheetWithTab.h">
      <Filter>Source\Editor</Filter>
    </ClInclude>
    <ClInclude Include="stdafx.h" />
    <ClInclude Include="PageEdit3.h">
      <Filter>Source\Editor</Filter>
    </ClInclude>
  </ItemGroup>
</Project>